
Microsoft Visual Studio Solution File, Format Version 12.00
# Visual Studio Version 16
VisualStudioVersion = 16.0.30709.132
MinimumVisualStudioVersion = 10.0.40219.1
Project("{9A19103F-16F7-4668-BE54-9A1E7A4F7556}") = "multi-thread", "multi-thread\multi-thread.csproj", "{21FD6716-1CAC-4696-A886-331F99735C3E}"
EndProject
Project("{2150E333-8FDC-42A3-9474-1A3956D46DE8}") = "ChatRoom", "ChatRoom", "{B3638F6F-923D-4646-BACD-C30762511668}"
EndProject
Project("{9A19103F-16F7-4668-BE54-9A1E7A4F7556}") = "Multi_Server", "Multi_Server\Multi_Server.csproj", "{663DB13E-4BC4-4B86-923F-F8017EED73C5}"
EndProject
Project("{9A19103F-16F7-4668-BE54-9A1E7A4F7556}") = "Multi_Client", "Multi_Client\Multi_Client.csproj", "{DDA9F890-2359-4A41-BCE2-673E5237A6D0}"
EndProject
Project("{9A19103F-16F7-4668-BE54-9A1E7A4F7556}") = "SingletonPattern", "SingletonPattern\SingletonPattern.csproj", "{3F936AAD-29B2-42D2-8B9F-97EC0E45B699}"
EndProject
Project("{9A19103F-16F7-4668-BE54-9A1E7A4F7556}") = "XmlOperator", "XmlOperator\XmlOperator.csproj", "{1A55040A-CFD4-402E-BBF3-5A7665E5753E}"
EndProject
Project("{9A19103F-16F7-4668-BE54-9A1E7A4F7556}") = "ObserverPattern", "ObserverPattern\ObserverPattern.csproj", "{FE2B115B-8AD5-49DF-B840-54FFC3A55DFA}"
EndProject
Project("{9A19103F-16F7-4668-BE54-9A1E7A4F7556}") = "DelegateExample", "DelegateExample\DelegateExample.csproj", "{EA3951BE-A79A-4423-A11E-12F4C868F65C}"
EndProject
Project("{9A19103F-16F7-4668-BE54-9A1E7A4F7556}") = "FormTransferValue", "FormTransferValue\FormTransferValue.csproj", "{F96D680A-C46C-4A91-9403-D64029B1E9B0}"
EndProject
Project("{9A19103F-16F7-4668-BE54-9A1E7A4F7556}") = "JWTTest", "JWTTest\JWTTest.csproj", "{5C19AE86-6B0B-4C74-9BEB-F401D1E034FA}"
EndProject
Project("{9A19103F-16F7-4668-BE54-9A1E7A4F7556}") = "IDS4_Test", "IDS4_Test\IDS4_Test.csproj", "{E23D30C6-AA2A-4EBE-9FB3-C7F402125084}"
EndProject
Project("{9A19103F-16F7-4668-BE54-9A1E7A4F7556}") = "WebRunApp", "WebRunApp\WebRunApp.csproj", "{8B86EFE2-F21F-4D35-8B54-8EB737B8EFF4}"
EndProject
Project("{FAE04EC0-301F-11D3-BF4B-00C04F79EFBC}") = "ReportViewerPrint", "ReportViewerPrint\ReportViewerPrint.csproj", "{8083B86D-BEDF-4979-9DFA-3EC378A9919F}"
EndProject
Global
	GlobalSection(SolutionConfigurationPlatforms) = preSolution
		Debug|Any CPU = Debug|Any CPU
		Release|Any CPU = Release|Any CPU
	EndGlobalSection
	GlobalSection(ProjectConfigurationPlatforms) = postSolution
		{21FD6716-1CAC-4696-A886-331F99735C3E}.Debug|Any CPU.ActiveCfg = Debug|Any CPU
		{21FD6716-1CAC-4696-A886-331F99735C3E}.Debug|Any CPU.Build.0 = Debug|Any CPU
		{21FD6716-1CAC-4696-A886-331F99735C3E}.Release|Any CPU.ActiveCfg = Release|Any CPU
		{21FD6716-1CAC-4696-A886-331F99735C3E}.Release|Any CPU.Build.0 = Release|Any CPU
		{663DB13E-4BC4-4B86-923F-F8017EED73C5}.Debug|Any CPU.ActiveCfg = Debug|Any CPU
		{663DB13E-4BC4-4B86-923F-F8017EED73C5}.Debug|Any CPU.Build.0 = Debug|Any CPU
		{663DB13E-4BC4-4B86-923F-F8017EED73C5}.Release|Any CPU.ActiveCfg = Release|Any CPU
		{663DB13E-4BC4-4B86-923F-F8017EED73C5}.Release|Any CPU.Build.0 = Release|Any CPU
		{DDA9F890-2359-4A41-BCE2-673E5237A6D0}.Debug|Any CPU.ActiveCfg = Debug|Any CPU
		{DDA9F890-2359-4A41-BCE2-673E5237A6D0}.Debug|Any CPU.Build.0 = Debug|Any CPU
		{DDA9F890-2359-4A41-BCE2-673E5237A6D0}.Release|Any CPU.ActiveCfg = Release|Any CPU
		{DDA9F890-2359-4A41-BCE2-673E5237A6D0}.Release|Any CPU.Build.0 = Release|Any CPU
		{3F936AAD-29B2-42D2-8B9F-97EC0E45B699}.Debug|Any CPU.ActiveCfg = Debug|Any CPU
		{3F936AAD-29B2-42D2-8B9F-97EC0E45B699}.Debug|Any CPU.Build.0 = Debug|Any CPU
		{3F936AAD-29B2-42D2-8B9F-97EC0E45B699}.Release|Any CPU.ActiveCfg = Release|Any CPU
		{3F936AAD-29B2-42D2-8B9F-97EC0E45B699}.Release|Any CPU.Build.0 = Release|Any CPU
		{1A55040A-CFD4-402E-BBF3-5A7665E5753E}.Debug|Any CPU.ActiveCfg = Debug|Any CPU
		{1A55040A-CFD4-402E-BBF3-5A7665E5753E}.Debug|Any CPU.Build.0 = Debug|Any CPU
		{1A55040A-CFD4-402E-BBF3-5A7665E5753E}.Release|Any CPU.ActiveCfg = Release|Any CPU
		{1A55040A-CFD4-402E-BBF3-5A7665E5753E}.Release|Any CPU.Build.0 = Release|Any CPU
		{FE2B115B-8AD5-49DF-B840-54FFC3A55DFA}.Debug|Any CPU.ActiveCfg = Debug|Any CPU
		{FE2B115B-8AD5-49DF-B840-54FFC3A55DFA}.Debug|Any CPU.Build.0 = Debug|Any CPU
		{FE2B115B-8AD5-49DF-B840-54FFC3A55DFA}.Release|Any CPU.ActiveCfg = Release|Any CPU
		{FE2B115B-8AD5-49DF-B840-54FFC3A55DFA}.Release|Any CPU.Build.0 = Release|Any CPU
		{EA3951BE-A79A-4423-A11E-12F4C868F65C}.Debug|Any CPU.ActiveCfg = Debug|Any CPU
		{EA3951BE-A79A-4423-A11E-12F4C868F65C}.Debug|Any CPU.Build.0 = Debug|Any CPU
		{EA3951BE-A79A-4423-A11E-12F4C868F65C}.Release|Any CPU.ActiveCfg = Release|Any CPU
		{EA3951BE-A79A-4423-A11E-12F4C868F65C}.Release|Any CPU.Build.0 = Release|Any CPU
		{F96D680A-C46C-4A91-9403-D64029B1E9B0}.Debug|Any CPU.ActiveCfg = Debug|Any CPU
		{F96D680A-C46C-4A91-9403-D64029B1E9B0}.Debug|Any CPU.Build.0 = Debug|Any CPU
		{F96D680A-C46C-4A91-9403-D64029B1E9B0}.Release|Any CPU.ActiveCfg = Release|Any CPU
		{F96D680A-C46C-4A91-9403-D64029B1E9B0}.Release|Any CPU.Build.0 = Release|Any CPU
		{5C19AE86-6B0B-4C74-9BEB-F401D1E034FA}.Debug|Any CPU.ActiveCfg = Debug|Any CPU
		{5C19AE86-6B0B-4C74-9BEB-F401D1E034FA}.Debug|Any CPU.Build.0 = Debug|Any CPU
		{5C19AE86-6B0B-4C74-9BEB-F401D1E034FA}.Release|Any CPU.ActiveCfg = Release|Any CPU
		{5C19AE86-6B0B-4C74-9BEB-F401D1E034FA}.Release|Any CPU.Build.0 = Release|Any CPU
		{E23D30C6-AA2A-4EBE-9FB3-C7F402125084}.Debug|Any CPU.ActiveCfg = Debug|Any CPU
		{E23D30C6-AA2A-4EBE-9FB3-C7F402125084}.Debug|Any CPU.Build.0 = Debug|Any CPU
		{E23D30C6-AA2A-4EBE-9FB3-C7F402125084}.Release|Any CPU.ActiveCfg = Release|Any CPU
		{E23D30C6-AA2A-4EBE-9FB3-C7F402125084}.Release|Any CPU.Build.0 = Release|Any CPU
		{8B86EFE2-F21F-4D35-8B54-8EB737B8EFF4}.Debug|Any CPU.ActiveCfg = Debug|Any CPU
		{8B86EFE2-F21F-4D35-8B54-8EB737B8EFF4}.Debug|Any CPU.Build.0 = Debug|Any CPU
		{8B86EFE2-F21F-4D35-8B54-8EB737B8EFF4}.Release|Any CPU.ActiveCfg = Release|Any CPU
		{8B86EFE2-F21F-4D35-8B54-8EB737B8EFF4}.Release|Any CPU.Build.0 = Release|Any CPU
		{8083B86D-BEDF-4979-9DFA-3EC378A9919F}.Debug|Any CPU.ActiveCfg = Debug|Any CPU
		{8083B86D-BEDF-4979-9DFA-3EC378A9919F}.Debug|Any CPU.Build.0 = Debug|Any CPU
		{8083B86D-BEDF-4979-9DFA-3EC378A9919F}.Release|Any CPU.ActiveCfg = Release|Any CPU
		{8083B86D-BEDF-4979-9DFA-3EC378A9919F}.Release|Any CPU.Build.0 = Release|Any CPU
	EndGlobalSection
	GlobalSection(SolutionProperties) = preSolution
		HideSolutionNode = FALSE
	EndGlobalSection
	GlobalSection(NestedProjects) = preSolution
		{663DB13E-4BC4-4B86-923F-F8017EED73C5} = {B3638F6F-923D-4646-BACD-C30762511668}
		{DDA9F890-2359-4A41-BCE2-673E5237A6D0} = {B3638F6F-923D-4646-BACD-C30762511668}
	EndGlobalSection
	GlobalSection(ExtensibilityGlobals) = postSolution
		SolutionGuid = {54374F4A-680C-4871-9F5F-D0AA1E4D5346}
	EndGlobalSection
EndGlobal
